
Microsoft Visual Studio Solution File, Format Version 12.00
# Visual Studio Version 17
VisualStudioVersion = 17.1.32228.430
MinimumVisualStudioVersion = 10.0.40219.1
Project("{8BC9CEB8-8B4A-11D0-8D11-00A0C91BC942}") = "C Level2 10", "C Level2 10\C Level2 10.vcxproj", "{50594669-2516-473D-B1BA-471EED896170}"
EndProject
Project("{8BC9CEB8-8B4A-11D0-8D11-00A0C91BC942}") = "C Level2 11", "C Level2 11\C Level2 11.vcxproj", "{E777FF23-10D2-4F1F-A88B-0C412B83C08B}"
EndProject
Project("{8BC9CEB8-8B4A-11D0-8D11-00A0C91BC942}") = "C Level2 01", "C Level2 01\C Level2 01.vcxproj", "{FE0EC230-2361-406F-A57E-F2DE21EE94C5}"
EndProject
Project("{8BC9CEB8-8B4A-11D0-8D11-00A0C91BC942}") = "C Level2 02", "C Level2 02\C Level2 02.vcxproj", "{BACA82DC-080B-4C4A-90DC-CF12811BB31B}"
EndProject
Project("{8BC9CEB8-8B4A-11D0-8D11-00A0C91BC942}") = "C Level2 03", "C Level2 03\C Level2 03.vcxproj", "{15274555-F1DF-4776-93DA-806E1550D914}"
EndProject
Project("{8BC9CEB8-8B4A-11D0-8D11-00A0C91BC942}") = "C Level2 04", "C Level2 04\C Level2 04.vcxproj", "{8AF2263E-ADDC-4F56-A686-21036ADCA6F5}"
EndProject
Project("{8BC9CEB8-8B4A-11D0-8D11-00A0C91BC942}") = "C Level2 06", "C Level2 06\C Level2 06.vcxproj", "{DF30A13A-E989-4B48-B563-FD6B9B3E0F8D}"
EndProject
Project("{8BC9CEB8-8B4A-11D0-8D11-00A0C91BC942}") = "C Level2 05", "C Level2 05\C Level2 05.vcxproj", "{2F8E3FCA-9217-4B08-BBCF-3266EF7EFE29}"
EndProject
Project("{8BC9CEB8-8B4A-11D0-8D11-00A0C91BC942}") = "C Level2 07", "C Level2 07\C Level2 07.vcxproj", "{DB9D9504-9A4A-40E7-8881-9B473AC07E64}"
EndProject
Project("{8BC9CEB8-8B4A-11D0-8D11-00A0C91BC942}") = "C Level2 08", "C Level2 08\C Level2 08.vcxproj", "{8AF9AA0A-CAA5-4B4F-9A1D-D9E88DE3E247}"
EndProject
Project("{8BC9CEB8-8B4A-11D0-8D11-00A0C91BC942}") = "C Level2 09", "C Level2 09\C Level2 09.vcxproj", "{7E2A609D-2C71-498D-9C1E-A7FB08903EBE}"
EndProject
Project("{8BC9CEB8-8B4A-11D0-8D11-00A0C91BC942}") = "C Level2 12", "C Level2 12\C Level2 12.vcxproj", "{33115EAE-F17A-414B-8C06-F938D1191882}"
EndProject
Project("{8BC9CEB8-8B4A-11D0-8D11-00A0C91BC942}") = "C Level2 13", "C Level2 13\C Level2 13.vcxproj", "{EE4C6274-5325-4DE9-BAF1-BDA257266BBF}"
EndProject
Project("{8BC9CEB8-8B4A-11D0-8D11-00A0C91BC942}") = "C Level2 14", "C Level2 14\C Level2 14.vcxproj", "{0B52EA95-E3F1-41B5-8442-65C61511E16C}"
EndProject
Project("{8BC9CEB8-8B4A-11D0-8D11-00A0C91BC942}") = "C Level2 15", "C Level2 15\C Level2 15.vcxproj", "{38B122A8-3B75-4B6E-9AEE-66C55EF23BF7}"
EndProject
Project("{8BC9CEB8-8B4A-11D0-8D11-00A0C91BC942}") = "C Level2 16", "C Level2 16\C Level2 16.vcxproj", "{4E25C9F8-2B23-4B4D-87D0-4642707037D7}"
EndProject
Project("{8BC9CEB8-8B4A-11D0-8D11-00A0C91BC942}") = "C Level2 17", "C Level2 17\C Level2 17.vcxproj", "{C7BB3681-29E3-4726-9774-EBF8569A3C11}"
EndProject
Project("{8BC9CEB8-8B4A-11D0-8D11-00A0C91BC942}") = "C Level2 18", "C Level2 18\C Level2 18.vcxproj", "{F3DC15A8-3647-45D4-B40C-44D8B8C171A3}"
EndProject
Project("{8BC9CEB8-8B4A-11D0-8D11-00A0C91BC942}") = "C Level2 19", "C Level2 19\C Level2 19.vcxproj", "{D3D2E592-5FC6-48CC-A277-00414DEA40AA}"
EndProject
Project("{8BC9CEB8-8B4A-11D0-8D11-00A0C91BC942}") = "C Level2 20", "C Level2 20\C Level2 20.vcxproj", "{F2490EB6-26DC-4D28-ABEA-1046168C7195}"
EndProject
Project("{8BC9CEB8-8B4A-11D0-8D11-00A0C91BC942}") = "C Level2 21", "C Level2 21\C Level2 21.vcxproj", "{03FF35B2-E628-426A-98CF-131722C041F4}"
EndProject
Project("{8BC9CEB8-8B4A-11D0-8D11-00A0C91BC942}") = "C Level2 22", "C Level2 22\C Level2 22.vcxproj", "{C289F59D-2085-42B8-A61B-45DA5E69F52A}"
EndProject
Project("{8BC9CEB8-8B4A-11D0-8D11-00A0C91BC942}") = "C Level2 23", "C Level2 23\C Level2 23.vcxproj", "{FC12B29A-C3CD-4F32-B48F-5C79F904120A}"
EndProject
Project("{8BC9CEB8-8B4A-11D0-8D11-00A0C91BC942}") = "C Level2 24", "C Level2 24\C Level2 24.vcxproj", "{16BD372F-5FB5-4270-855E-E4E0568CBE76}"
EndProject
Project("{8BC9CEB8-8B4A-11D0-8D11-00A0C91BC942}") = "C Level2 25", "C Level2 25\C Level2 25.vcxproj", "{6BDBFCEB-51F0-4BDA-B4B6-2EE58F1EA1B5}"
EndProject
Project("{8BC9CEB8-8B4A-11D0-8D11-00A0C91BC942}") = "C Level2 26", "C Level2 26\C Level2 26.vcxproj", "{59D7689E-DDE9-40CE-ADBB-463B1E42200C}"
EndProject
Global
	GlobalSection(SolutionConfigurationPlatforms) = preSolution
		Debug|x64 = Debug|x64
		Debug|x86 = Debug|x86
		Release|x64 = Release|x64
		Release|x86 = Release|x86
	EndGlobalSection
	GlobalSection(ProjectConfigurationPlatforms) = postSolution
		{50594669-2516-473D-B1BA-471EED896170}.Debug|x64.ActiveCfg = Debug|x64
		{50594669-2516-473D-B1BA-471EED896170}.Debug|x64.Build.0 = Debug|x64
		{50594669-2516-473D-B1BA-471EED896170}.Debug|x86.ActiveCfg = Debug|Win32
		{50594669-2516-473D-B1BA-471EED896170}.Debug|x86.Build.0 = Debug|Win32
		{50594669-2516-473D-B1BA-471EED896170}.Release|x64.ActiveCfg = Release|x64
		{50594669-2516-473D-B1BA-471EED896170}.Release|x64.Build.0 = Release|x64
		{50594669-2516-473D-B1BA-471EED896170}.Release|x86.ActiveCfg = Release|Win32
		{50594669-2516-473D-B1BA-471EED896170}.Release|x86.Build.0 = Release|Win32
		{E777FF23-10D2-4F1F-A88B-0C412B83C08B}.Debug|x64.ActiveCfg = Debug|x64
		{E777FF23-10D2-4F1F-A88B-0C412B83C08B}.Debug|x64.Build.0 = Debug|x64
		{E777FF23-10D2-4F1F-A88B-0C412B83C08B}.Debug|x86.ActiveCfg = Debug|Win32
		{E777FF23-10D2-4F1F-A88B-0C412B83C08B}.Debug|x86.Build.0 = Debug|Win32
		{E777FF23-10D2-4F1F-A88B-0C412B83C08B}.Release|x64.ActiveCfg = Release|x64
		{E777FF23-10D2-4F1F-A88B-0C412B83C08B}.Release|x64.Build.0 = Release|x64
		{E777FF23-10D2-4F1F-A88B-0C412B83C08B}.Release|x86.ActiveCfg = Release|Win32
		{E777FF23-10D2-4F1F-A88B-0C412B83C08B}.Release|x86.Build.0 = Release|Win32
		{FE0EC230-2361-406F-A57E-F2DE21EE94C5}.Debug|x64.ActiveCfg = Debug|x64
		{FE0EC230-2361-406F-A57E-F2DE21EE94C5}.Debug|x64.Build.0 = Debug|x64
		{FE0EC230-2361-406F-A57E-F2DE21EE94C5}.Debug|x86.ActiveCfg = Debug|Win32
		{FE0EC230-2361-406F-A57E-F2DE21EE94C5}.Debug|x86.Build.0 = Debug|Win32
		{FE0EC230-2361-406F-A57E-F2DE21EE94C5}.Release|x64.ActiveCfg = Release|x64
		{FE0EC230-2361-406F-A57E-F2DE21EE94C5}.Release|x64.Build.0 = Release|x64
		{FE0EC230-2361-406F-A57E-F2DE21EE94C5}.Release|x86.ActiveCfg = Release|Win32
		{FE0EC230-2361-406F-A57E-F2DE21EE94C5}.Release|x86.Build.0 = Release|Win32
		{BACA82DC-080B-4C4A-90DC-CF12811BB31B}.Debug|x64.ActiveCfg = Debug|x64
		{BACA82DC-080B-4C4A-90DC-CF12811BB31B}.Debug|x64.Build.0 = Debug|x64
		{BACA82DC-080B-4C4A-90DC-CF12811BB31B}.Debug|x86.ActiveCfg = Debug|Win32
		{BACA82DC-080B-4C4A-90DC-CF12811BB31B}.Debug|x86.Build.0 = Debug|Win32
		{BACA82DC-080B-4C4A-90DC-CF12811BB31B}.Release|x64.ActiveCfg = Release|x64
		{BACA82DC-080B-4C4A-90DC-CF12811BB31B}.Release|x64.Build.0 = Release|x64
		{BACA82DC-080B-4C4A-90DC-CF12811BB31B}.Release|x86.ActiveCfg = Release|Win32
		{BACA82DC-080B-4C4A-90DC-CF12811BB31B}.Release|x86.Build.0 = Release|Win32
		{15274555-F1DF-4776-93DA-806E1550D914}.Debug|x64.ActiveCfg = Debug|x64
		{15274555-F1DF-4776-93DA-806E1550D914}.Debug|x64.Build.0 = Debug|x64
		{15274555-F1DF-4776-93DA-806E1550D914}.Debug|x86.ActiveCfg = Debug|Win32
		{15274555-F1DF-4776-93DA-806E1550D914}.Debug|x86.Build.0 = Debug|Win32
		{15274555-F1DF-4776-93DA-806E1550D914}.Release|x64.ActiveCfg = Release|x64
		{15274555-F1DF-4776-93DA-806E1550D914}.Release|x64.Build.0 = Release|x64
		{15274555-F1DF-4776-93DA-806E1550D914}.Release|x86.ActiveCfg = Release|Win32
		{15274555-F1DF-4776-93DA-806E1550D914}.Release|x86.Build.0 = Release|Win32
		{8AF2263E-ADDC-4F56-A686-21036ADCA6F5}.Debug|x64.ActiveCfg = Debug|x64
		{8AF2263E-ADDC-4F56-A686-21036ADCA6F5}.Debug|x64.Build.0 = Debug|x64
		{8AF2263E-ADDC-4F56-A686-21036ADCA6F5}.Debug|x86.ActiveCfg = Debug|Win32
		{8AF2263E-ADDC-4F56-A686-21036ADCA6F5}.Debug|x86.Build.0 = Debug|Win32
		{8AF2263E-ADDC-4F56-A686-21036ADCA6F5}.Release|x64.ActiveCfg = Release|x64
		{8AF2263E-ADDC-4F56-A686-21036ADCA6F5}.Release|x64.Build.0 = Release|x64
		{8AF2263E-ADDC-4F56-A686-21036ADCA6F5}.Release|x86.ActiveCfg = Release|Win32
		{8AF2263E-ADDC-4F56-A686-21036ADCA6F5}.Release|x86.Build.0 = Release|Win32
		{DF30A13A-E989-4B48-B563-FD6B9B3E0F8D}.Debug|x64.ActiveCfg = Debug|x64
		{DF30A13A-E989-4B48-B563-FD6B9B3E0F8D}.Debug|x64.Build.0 = Debug|x64
		{DF30A13A-E989-4B48-B563-FD6B9B3E0F8D}.Debug|x86.ActiveCfg = Debug|Win32
		{DF30A13A-E989-4B48-B563-FD6B9B3E0F8D}.Debug|x86.Build.0 = Debug|Win32
		{DF30A13A-E989-4B48-B563-FD6B9B3E0F8D}.Release|x64.ActiveCfg = Release|x64
		{DF30A13A-E989-4B48-B563-FD6B9B3E0F8D}.Release|x64.Build.0 = Release|x64
		{DF30A13A-E989-4B48-B563-FD6B9B3E0F8D}.Release|x86.ActiveCfg = Release|Win32
		{DF30A13A-E989-4B48-B563-FD6B9B3E0F8D}.Release|x86.Build.0 = Release|Win32
		{2F8E3FCA-9217-4B08-BBCF-3266EF7EFE29}.Debug|x64.ActiveCfg = Debug|x64
		{2F8E3FCA-9217-4B08-BBCF-3266EF7EFE29}.Debug|x64.Build.0 = Debug|x64
		{2F8E3FCA-9217-4B08-BBCF-3266EF7EFE29}.Debug|x86.ActiveCfg = Debug|Win32
		{2F8E3FCA-9217-4B08-BBCF-3266EF7EFE29}.Debug|x86.Build.0 = Debug|Win32
		{2F8E3FCA-9217-4B08-BBCF-3266EF7EFE29}.Release|x64.ActiveCfg = Release|x64
		{2F8E3FCA-9217-4B08-BBCF-3266EF7EFE29}.Release|x64.Build.0 = Release|x64
		{2F8E3FCA-9217-4B08-BBCF-3266EF7EFE29}.Release|x86.ActiveCfg = Release|Win32
		{2F8E3FCA-9217-4B08-BBCF-3266EF7EFE29}.Release|x86.Build.0 = Release|Win32
		{DB9D9504-9A4A-40E7-8881-9B473AC07E64}.Debug|x64.ActiveCfg = Debug|x64
		{DB9D9504-9A4A-40E7-8881-9B473AC07E64}.Debug|x64.Build.0 = Debug|x64
		{DB9D9504-9A4A-40E7-8881-9B473AC07E64}.Debug|x86.ActiveCfg = Debug|Win32
		{DB9D9504-9A4A-40E7-8881-9B473AC07E64}.Debug|x86.Build.0 = Debug|Win32
		{DB9D9504-9A4A-40E7-8881-9B473AC07E64}.Release|x64.ActiveCfg = Release|x64
		{DB9D9504-9A4A-40E7-8881-9B473AC07E64}.Release|x64.Build.0 = Release|x64
		{DB9D9504-9A4A-40E7-8881-9B473AC07E64}.Release|x86.ActiveCfg = Release|Win32
		{DB9D9504-9A4A-40E7-8881-9B473AC07E64}.Release|x86.Build.0 = Release|Win32
		{8AF9AA0A-CAA5-4B4F-9A1D-D9E88DE3E247}.Debug|x64.ActiveCfg = Debug|x64
		{8AF9AA0A-CAA5-4B4F-9A1D-D9E88DE3E247}.Debug|x64.Build.0 = Debug|x64
		{8AF9AA0A-CAA5-4B4F-9A1D-D9E88DE3E247}.Debug|x86.ActiveCfg = Debug|Win32
		{8AF9AA0A-CAA5-4B4F-9A1D-D9E88DE3E247}.Debug|x86.Build.0 = Debug|Win32
		{8AF9AA0A-CAA5-4B4F-9A1D-D9E88DE3E247}.Release|x64.ActiveCfg = Release|x64
		{8AF9AA0A-CAA5-4B4F-9A1D-D9E88DE3E247}.Release|x64.Build.0 = Release|x64
		{8AF9AA0A-CAA5-4B4F-9A1D-D9E88DE3E247}.Release|x86.ActiveCfg = Release|Win32
		{8AF9AA0A-CAA5-4B4F-9A1D-D9E88DE3E247}.Release|x86.Build.0 = Release|Win32
		{7E2A609D-2C71-498D-9C1E-A7FB08903EBE}.Debug|x64.ActiveCfg = Debug|x64
		{7E2A609D-2C71-498D-9C1E-A7FB08903EBE}.Debug|x64.Build.0 = Debug|x64
		{7E2A609D-2C71-498D-9C1E-A7FB08903EBE}.Debug|x86.ActiveCfg = Debug|Win32
		{7E2A609D-2C71-498D-9C1E-A7FB08903EBE}.Debug|x86.Build.0 = Debug|Win32
		{7E2A609D-2C71-498D-9C1E-A7FB08903EBE}.Release|x64.ActiveCfg = Release|x64
		{7E2A609D-2C71-498D-9C1E-A7FB08903EBE}.Release|x64.Build.0 = Release|x64
		{7E2A609D-2C71-498D-9C1E-A7FB08903EBE}.Release|x86.ActiveCfg = Release|Win32
		{7E2A609D-2C71-498D-9C1E-A7FB08903EBE}.Release|x86.Build.0 = Release|Win32
		{33115EAE-F17A-414B-8C06-F938D1191882}.Debug|x64.ActiveCfg = Debug|x64
		{33115EAE-F17A-414B-8C06-F938D1191882}.Debug|x64.Build.0 = Debug|x64
		{33115EAE-F17A-414B-8C06-F938D1191882}.Debug|x86.ActiveCfg = Debug|Win32
		{33115EAE-F17A-414B-8C06-F938D1191882}.Debug|x86.Build.0 = Debug|Win32
		{33115EAE-F17A-414B-8C06-F938D1191882}.Release|x64.ActiveCfg = Release|x64
		{33115EAE-F17A-414B-8C06-F938D1191882}.Release|x64.Build.0 = Release|x64
		{33115EAE-F17A-414B-8C06-F938D1191882}.Release|x86.ActiveCfg = Release|Win32
		{33115EAE-F17A-414B-8C06-F938D1191882}.Release|x86.Build.0 = Release|Win32
		{EE4C6274-5325-4DE9-BAF1-BDA257266BBF}.Debug|x64.ActiveCfg = Debug|x64
		{EE4C6274-5325-4DE9-BAF1-BDA257266BBF}.Debug|x64.Build.0 = Debug|x64
		{EE4C6274-5325-4DE9-BAF1-BDA257266BBF}.Debug|x86.ActiveCfg = Debug|Win32
		{EE4C6274-5325-4DE9-BAF1-BDA257266BBF}.Debug|x86.Build.0 = Debug|Win32
		{EE4C6274-5325-4DE9-BAF1-BDA257266BBF}.Release|x64.ActiveCfg = Release|x64
		{EE4C6274-5325-4DE9-BAF1-BDA257266BBF}.Release|x64.Build.0 = Release|x64
		{EE4C6274-5325-4DE9-BAF1-BDA257266BBF}.Release|x86.ActiveCfg = Release|Win32
		{EE4C6274-5325-4DE9-BAF1-BDA257266BBF}.Release|x86.Build.0 = Release|Win32
		{0B52EA95-E3F1-41B5-8442-65C61511E16C}.Debug|x64.ActiveCfg = Debug|x64
		{0B52EA95-E3F1-41B5-8442-65C61511E16C}.Debug|x64.Build.0 = Debug|x64
		{0B52EA95-E3F1-41B5-8442-65C61511E16C}.Debug|x86.ActiveCfg = Debug|Win32
		{0B52EA95-E3F1-41B5-8442-65C61511E16C}.Debug|x86.Build.0 = Debug|Win32
		{0B52EA95-E3F1-41B5-8442-65C61511E16C}.Release|x64.ActiveCfg = Release|x64
		{0B52EA95-E3F1-41B5-8442-65C61511E16C}.Release|x64.Build.0 = Release|x64
		{0B52EA95-E3F1-41B5-8442-65C61511E16C}.Release|x86.ActiveCfg = Release|Win32
		{0B52EA95-E3F1-41B5-8442-65C61511E16C}.Release|x86.Build.0 = Release|Win32
		{38B122A8-3B75-4B6E-9AEE-66C55EF23BF7}.Debug|x64.ActiveCfg = Debug|x64
		{38B122A8-3B75-4B6E-9AEE-66C55EF23BF7}.Debug|x64.Build.0 = Debug|x64
		{38B122A8-3B75-4B6E-9AEE-66C55EF23BF7}.Debug|x86.ActiveCfg = Debug|Win32
		{38B122A8-3B75-4B6E-9AEE-66C55EF23BF7}.Debug|x86.Build.0 = Debug|Win32
		{38B122A8-3B75-4B6E-9AEE-66C55EF23BF7}.Release|x64.ActiveCfg = Release|x64
		{38B122A8-3B75-4B6E-9AEE-66C55EF23BF7}.Release|x64.Build.0 = Release|x64
		{38B122A8-3B75-4B6E-9AEE-66C55EF23BF7}.Release|x86.ActiveCfg = Release|Win32
		{38B122A8-3B75-4B6E-9AEE-66C55EF23BF7}.Release|x86.Build.0 = Release|Win32
		{4E25C9F8-2B23-4B4D-87D0-4642707037D7}.Debug|x64.ActiveCfg = Debug|x64
		{4E25C9F8-2B23-4B4D-87D0-4642707037D7}.Debug|x64.Build.0 = Debug|x64
		{4E25C9F8-2B23-4B4D-87D0-4642707037D7}.Debug|x86.ActiveCfg = Debug|Win32
		{4E25C9F8-2B23-4B4D-87D0-4642707037D7}.Debug|x86.Build.0 = Debug|Win32
		{4E25C9F8-2B23-4B4D-87D0-4642707037D7}.Release|x64.ActiveCfg = Release|x64
		{4E25C9F8-2B23-4B4D-87D0-4642707037D7}.Release|x64.Build.0 = Release|x64
		{4E25C9F8-2B23-4B4D-87D0-4642707037D7}.Release|x86.ActiveCfg = Release|Win32
		{4E25C9F8-2B23-4B4D-87D0-4642707037D7}.Release|x86.Build.0 = Release|Win32
		{C7BB3681-29E3-4726-9774-EBF8569A3C11}.Debug|x64.ActiveCfg = Debug|x64
		{C7BB3681-29E3-4726-9774-EBF8569A3C11}.Debug|x64.Build.0 = Debug|x64
		{C7BB3681-29E3-4726-9774-EBF8569A3C11}.Debug|x86.ActiveCfg = Debug|Win32
		{C7BB3681-29E3-4726-9774-EBF8569A3C11}.Debug|x86.Build.0 = Debug|Win32
		{C7BB3681-29E3-4726-9774-EBF8569A3C11}.Release|x64.ActiveCfg = Release|x64
		{C7BB3681-29E3-4726-9774-EBF8569A3C11}.Release|x64.Build.0 = Release|x64
		{C7BB3681-29E3-4726-9774-EBF8569A3C11}.Release|x86.ActiveCfg = Release|Win32
		{C7BB3681-29E3-4726-9774-EBF8569A3C11}.Release|x86.Build.0 = Release|Win32
		{F3DC15A8-3647-45D4-B40C-44D8B8C171A3}.Debug|x64.ActiveCfg = Debug|x64
		{F3DC15A8-3647-45D4-B40C-44D8B8C171A3}.Debug|x64.Build.0 = Debug|x64
		{F3DC15A8-3647-45D4-B40C-44D8B8C171A3}.Debug|x86.ActiveCfg = Debug|Win32
		{F3DC15A8-3647-45D4-B40C-44D8B8C171A3}.Debug|x86.Build.0 = Debug|Win32
		{F3DC15A8-3647-45D4-B40C-44D8B8C171A3}.Release|x64.ActiveCfg = Release|x64
		{F3DC15A8-3647-45D4-B40C-44D8B8C171A3}.Release|x64.Build.0 = Release|x64
		{F3DC15A8-3647-45D4-B40C-44D8B8C171A3}.Release|x86.ActiveCfg = Release|Win32
		{F3DC15A8-3647-45D4-B40C-44D8B8C171A3}.Release|x86.Build.0 = Release|Win32
		{D3D2E592-5FC6-48CC-A277-00414DEA40AA}.Debug|x64.ActiveCfg = Debug|x64
		{D3D2E592-5FC6-48CC-A277-00414DEA40AA}.Debug|x64.Build.0 = Debug|x64
		{D3D2E592-5FC6-48CC-A277-00414DEA40AA}.Debug|x86.ActiveCfg = Debug|Win32
		{D3D2E592-5FC6-48CC-A277-00414DEA40AA}.Debug|x86.Build.0 = Debug|Win32
		{D3D2E592-5FC6-48CC-A277-00414DEA40AA}.Release|x64.ActiveCfg = Release|x64
		{D3D2E592-5FC6-48CC-A277-00414DEA40AA}.Release|x64.Build.0 = Release|x64
		{D3D2E592-5FC6-48CC-A277-00414DEA40AA}.Release|x86.ActiveCfg = Release|Win32
		{D3D2E592-5FC6-48CC-A277-00414DEA40AA}.Release|x86.Build.0 = Release|Win32
		{F2490EB6-26DC-4D28-ABEA-1046168C7195}.Debug|x64.ActiveCfg = Debug|x64
		{F2490EB6-26DC-4D28-ABEA-1046168C7195}.Debug|x64.Build.0 = Debug|x64
		{F2490EB6-26DC-4D28-ABEA-1046168C7195}.Debug|x86.ActiveCfg = Debug|Win32
		{F2490EB6-26DC-4D28-ABEA-1046168C7195}.Debug|x86.Build.0 = Debug|Win32
		{F2490EB6-26DC-4D28-ABEA-1046168C7195}.Release|x64.ActiveCfg = Release|x64
		{F2490EB6-26DC-4D28-ABEA-1046168C7195}.Release|x64.Build.0 = Release|x64
		{F2490EB6-26DC-4D28-ABEA-1046168C7195}.Release|x86.ActiveCfg = Release|Win32
		{F2490EB6-26DC-4D28-ABEA-1046168C7195}.Release|x86.Build.0 = Release|Win32
		{03FF35B2-E628-426A-98CF-131722C041F4}.Debug|x64.ActiveCfg = Debug|x64
		{03FF35B2-E628-426A-98CF-131722C041F4}.Debug|x64.Build.0 = Debug|x64
		{03FF35B2-E628-426A-98CF-131722C041F4}.Debug|x86.ActiveCfg = Debug|Win32
		{03FF35B2-E628-426A-98CF-131722C041F4}.Debug|x86.Build.0 = Debug|Win32
		{03FF35B2-E628-426A-98CF-131722C041F4}.Release|x64.ActiveCfg = Release|x64
		{03FF35B2-E628-426A-98CF-131722C041F4}.Release|x64.Build.0 = Release|x64
		{03FF35B2-E628-426A-98CF-131722C041F4}.Release|x86.ActiveCfg = Release|Win32
		{03FF35B2-E628-426A-98CF-131722C041F4}.Release|x86.Build.0 = Release|Win32
		{C289F59D-2085-42B8-A61B-45DA5E69F52A}.Debug|x64.ActiveCfg = Debug|x64
		{C289F59D-2085-42B8-A61B-45DA5E69F52A}.Debug|x64.Build.0 = Debug|x64
		{C289F59D-2085-42B8-A61B-45DA5E69F52A}.Debug|x86.ActiveCfg = Debug|Win32
		{C289F59D-2085-42B8-A61B-45DA5E69F52A}.Debug|x86.Build.0 = Debug|Win32
		{C289F59D-2085-42B8-A61B-45DA5E69F52A}.Release|x64.ActiveCfg = Release|x64
		{C289F59D-2085-42B8-A61B-45DA5E69F52A}.Release|x64.Build.0 = Release|x64
		{C289F59D-2085-42B8-A61B-45DA5E69F52A}.Release|x86.ActiveCfg = Release|Win32
		{C289F59D-2085-42B8-A61B-45DA5E69F52A}.Release|x86.Build.0 = Release|Win32
		{FC12B29A-C3CD-4F32-B48F-5C79F904120A}.Debug|x64.ActiveCfg = Debug|x64
		{FC12B29A-C3CD-4F32-B48F-5C79F904120A}.Debug|x64.Build.0 = Debug|x64
		{FC12B29A-C3CD-4F32-B48F-5C79F904120A}.Debug|x86.ActiveCfg = Debug|Win32
		{FC12B29A-C3CD-4F32-B48F-5C79F904120A}.Debug|x86.Build.0 = Debug|Win32
		{FC12B29A-C3CD-4F32-B48F-5C79F904120A}.Release|x64.ActiveCfg = Release|x64
		{FC12B29A-C3CD-4F32-B48F-5C79F904120A}.Release|x64.Build.0 = Release|x64
		{FC12B29A-C3CD-4F32-B48F-5C79F904120A}.Release|x86.ActiveCfg = Release|Win32
		{FC12B29A-C3CD-4F32-B48F-5C79F904120A}.Release|x86.Build.0 = Release|Win32
		{16BD372F-5FB5-4270-855E-E4E0568CBE76}.Debug|x64.ActiveCfg = Debug|x64
		{16BD372F-5FB5-4270-855E-E4E0568CBE76}.Debug|x64.Build.0 = Debug|x64
		{16BD372F-5FB5-4270-855E-E4E0568CBE76}.Debug|x86.ActiveCfg = Debug|Win32
		{16BD372F-5FB5-4270-855E-E4E0568CBE76}.Debug|x86.Build.0 = Debug|Win32
		{16BD372F-5FB5-4270-855E-E4E0568CBE76}.Release|x64.ActiveCfg = Release|x64
		{16BD372F-5FB5-4270-855E-E4E0568CBE76}.Release|x64.Build.0 = Release|x64
		{16BD372F-5FB5-4270-855E-E4E0568CBE76}.Release|x86.ActiveCfg = Release|Win32
		{16BD372F-5FB5-4270-855E-E4E0568CBE76}.Release|x86.Build.0 = Release|Win32
		{6BDBFCEB-51F0-4BDA-B4B6-2EE58F1EA1B5}.Debug|x64.ActiveCfg = Debug|x64
		{6BDBFCEB-51F0-4BDA-B4B6-2EE58F1EA1B5}.Debug|x64.Build.0 = Debug|x64
		{6BDBFCEB-51F0-4BDA-B4B6-2EE58F1EA1B5}.Debug|x86.ActiveCfg = Debug|Win32
		{6BDBFCEB-51F0-4BDA-B4B6-2EE58F1EA1B5}.Debug|x86.Build.0 = Debug|Win32
		{6BDBFCEB-51F0-4BDA-B4B6-2EE58F1EA1B5}.Release|x64.ActiveCfg = Release|x64
		{6BDBFCEB-51F0-4BDA-B4B6-2EE58F1EA1B5}.Release|x64.Build.0 = Release|x64
		{6BDBFCEB-51F0-4BDA-B4B6-2EE58F1EA1B5}.Release|x86.ActiveCfg = Release|Win32
		{6BDBFCEB-51F0-4BDA-B4B6-2EE58F1EA1B5}.Release|x86.Build.0 = Release|Win32
		{59D7689E-DDE9-40CE-ADBB-463B1E42200C}.Debug|x64.ActiveCfg = Debug|x64
		{59D7689E-DDE9-40CE-ADBB-463B1E42200C}.Debug|x64.Build.0 = Debug|x64
		{59D7689E-DDE9-40CE-ADBB-463B1E42200C}.Debug|x86.ActiveCfg = Debug|Win32
		{59D7689E-DDE9-40CE-ADBB-463B1E42200C}.Debug|x86.Build.0 = Debug|Win32
		{59D7689E-DDE9-40CE-ADBB-463B1E42200C}.Release|x64.ActiveCfg = Release|x64
		{59D7689E-DDE9-40CE-ADBB-463B1E42200C}.Release|x64.Build.0 = Release|x64
		{59D7689E-DDE9-40CE-ADBB-463B1E42200C}.Release|x86.ActiveCfg = Release|Win32
		{59D7689E-DDE9-40CE-ADBB-463B1E42200C}.Release|x86.Build.0 = Release|Win32
	EndGlobalSection
	GlobalSection(SolutionProperties) = preSolution
		HideSolutionNode = FALSE
	EndGlobalSection
	GlobalSection(ExtensibilityGlobals) = postSolution
		SolutionGuid = {DBCF42C4-A2DB-42CA-B211-B628B6F69F45}
	EndGlobalSection
EndGlobal
